// !$*UTF8*$!
{
	archiveVersion = 1;
	classes = {
	};
	objectVersion = 50;
	objects = {

/* Begin PBXBuildFile section */
		3DFE036F2566692900CD596E /* AppDelegate.swift in Sources */ = {isa = PBXBuildFile; fileRef = 3DFE036E2566692900CD596E /* AppDelegate.swift */; };
		3DFE03712566692900CD596E /* SceneDelegate.swift in Sources */ = {isa = PBXBuildFile; fileRef = 3DFE03702566692900CD596E /* SceneDelegate.swift */; };
		3DFE03732566692900CD596E /* ViewController.swift in Sources */ = {isa = PBXBuildFile; fileRef = 3DFE03722566692900CD596E /* ViewController.swift */; };
		3DFE03762566692900CD596E /* Main.storyboard in Resources */ = {isa = PBXBuildFile; fileRef = 3DFE03742566692900CD596E /* Main.storyboard */; };
		3DFE03782566692E00CD596E /* Assets.xcassets in Resources */ = {isa = PBXBuildFile; fileRef = 3DFE03772566692E00CD596E /* Assets.xcassets */; };
		3DFE037B2566692E00CD596E /* LaunchScreen.storyboard in Resources */ = {isa = PBXBuildFile; fileRef = 3DFE03792566692E00CD596E /* LaunchScreen.storyboard */; };
		3DFE03932566716800CD596E /* board.png in Resources */ = {isa = PBXBuildFile; fileRef = 3DFE03902566716700CD596E /* board.png */; };
		3DFE03942566716800CD596E /* cross.png in Resources */ = {isa = PBXBuildFile; fileRef = 3DFE03912566716700CD596E /* cross.png */; };
		3DFE03952566716800CD596E /* nought.png in Resources */ = {isa = PBXBuildFile; fileRef = 3DFE03922566716800CD596E /* nought.png */; };
		3DFE0399256692B600CD596E /* cross_color.png in Resources */ = {isa = PBXBuildFile; fileRef = 3DFE0397256692B500CD596E /* cross_color.png */; };
		3DFE039A256692B700CD596E /* nought_color.png in Resources */ = {isa = PBXBuildFile; fileRef = 3DFE0398256692B600CD596E /* nought_color.png */; };
/* End PBXBuildFile section */

/* Begin PBXFileReference section */
		3DFE036B2566692900CD596E /* Tic Tac Toe.app */ = {isa = PBXFileReference; explicitFileType = wrapper.application; includeInIndex = 0; path = "Tic Tac Toe.app"; sourceTree = BUILT_PRODUCTS_DIR; };
		3DFE036E2566692900CD596E /* AppDelegate.swift */ = {isa = PBXFileReference; lastKnownFileType = sourcecode.swift; path = AppDelegate.swift; sourceTree = "<group>"; };
		3DFE03702566692900CD596E /* SceneDelegate.swift */ = {isa = PBXFileReference; lastKnownFileType = sourcecode.swift; path = SceneDelegate.swift; sourceTree = "<group>"; };
		3DFE03722566692900CD596E /* ViewController.swift */ = {isa = PBXFileReference; lastKnownFileType = sourcecode.swift; path = ViewController.swift; sourceTree = "<group>"; };
		3DFE03752566692900CD596E /* Base */ = {isa = PBXFileReference; lastKnownFileType = file.storyboard; name = Base; path = Base.lproj/Main.storyboard; sourceTree = "<group>"; };
		3DFE03772566692E00CD596E /* Assets.xcassets */ = {isa = PBXFileReference; lastKnownFileType = folder.assetcatalog; path = Assets.xcassets; sourceTree = "<group>"; };
		3DFE037A2566692E00CD596E /* Base */ = {isa = PBXFileReference; lastKnownFileType = file.storyboard; name = Base; path = Base.lproj/LaunchScreen.storyboard; sourceTree = "<group>"; };
		3DFE037C2566692E00CD596E /* Info.plist */ = {isa = PBXFileReference; lastKnownFileType = text.plist.xml; path = Info.plist; sourceTree = "<group>"; };
		3DFE03902566716700CD596E /* board.png */ = {isa = PBXFileReference; lastKnownFileType = image.png; path = board.png; sourceTree = "<group>"; };
		3DFE03912566716700CD596E /* cross.png */ = {isa = PBXFileReference; lastKnownFileType = image.png; path = cross.png; sourceTree = "<group>"; };
		3DFE03922566716800CD596E /* nought.png */ = {isa = PBXFileReference; lastKnownFileType = image.png; path = nought.png; sourceTree = "<group>"; };
		3DFE0397256692B500CD596E /* cross_color.png */ = {isa = PBXFileReference; lastKnownFileType = image.png; path = cross_color.png; sourceTree = "<group>"; };
		3DFE0398256692B600CD596E /* nought_color.png */ = {isa = PBXFileReference; lastKnownFileType = image.png; path = nought_color.png; sourceTree = "<group>"; };
/* End PBXFileReference section */

/* Begin PBXFrameworksBuildPhase section */
		3DFE03682566692900CD596E /* Frameworks */ = {
			isa = PBXFrameworksBuildPhase;
			buildActionMask = 2147483647;
			files = (
			);
			runOnlyForDeploymentPostprocessing = 0;
		};
/* End PBXFrameworksBuildPhase section */

/* Begin PBXGroup section */
		3DFE03622566692900CD596E = {
			isa = PBXGroup;
			children = (
				3DFE036D2566692900CD596E /* Tic Tac Toe */,
				3DFE036C2566692900CD596E /* Products */,
			);
			sourceTree = "<group>";
		};
		3DFE036C2566692900CD596E /* Products */ = {
			isa = PBXGroup;
			children = (
				3DFE036B2566692900CD596E /* Tic Tac Toe.app */,
			);
			name = Products;
			sourceTree = "<group>";
		};
		3DFE036D2566692900CD596E /* Tic Tac Toe */ = {
			isa = PBXGroup;
			children = (
				3DFE036E2566692900CD596E /* AppDelegate.swift */,
				3DFE03702566692900CD596E /* SceneDelegate.swift */,
				3DFE03722566692900CD596E /* ViewController.swift */,
				3DFE03742566692900CD596E /* Main.storyboard */,
				3DFE03902566716700CD596E /* board.png */,
				3DFE03912566716700CD596E /* cross.png */,
				3DFE03922566716800CD596E /* nought.png */,
				3DFE0397256692B500CD596E /* cross_color.png */,
				3DFE0398256692B600CD596E /* nought_color.png */,
				3DFE03772566692E00CD596E /* Assets.xcassets */,
				3DFE03792566692E00CD596E /* LaunchScreen.storyboard */,
				3DFE037C2566692E00CD596E /* Info.plist */,
			);
			path = "Tic Tac Toe";
			sourceTree = "<group>";
		};
/* End PBXGroup section */

/* Begin PBXNativeTarget section */
		3DFE036A2566692900CD596E /* Tic Tac Toe */ = {
			isa = PBXNativeTarget;
			buildConfigurationList = 3DFE037F2566692E00CD596E /* Build configuration list for PBXNativeTarget "Tic Tac Toe" */;
			buildPhases = (
				3DFE03672566692900CD596E /* Sources */,
				3DFE03682566692900CD596E /* Frameworks */,
				3DFE03692566692900CD596E /* Resources */,
			);
			buildRules = (
			);
			dependencies = (
			);
			name = "Tic Tac Toe";
			productName = "Tic Tac Toe";
			productReference = 3DFE036B2566692900CD596E /* Tic Tac Toe.app */;
			productType = "com.apple.product-type.application";
		};
/* End PBXNativeTarget section */

/* Begin PBXProject section */
		3DFE03632566692900CD596E /* Project object */ = {
			isa = PBXProject;
			attributes = {
				LastSwiftUpdateCheck = 1220;
				LastUpgradeCheck = 1220;
				TargetAttributes = {
					3DFE036A2566692900CD596E = {
						CreatedOnToolsVersion = 12.2;
					};
				};
			};
			buildConfigurationList = 3DFE03662566692900CD596E /* Build configuration list for PBXProject "Tic Tac Toe" */;
			compatibilityVersion = "Xcode 9.3";
			developmentRegion = en;
			hasScannedForEncodings = 0;
			knownRegions = (
				en,
				Base,
			);
			mainGroup = 3DFE03622566692900CD596E;
			productRefGroup = 3DFE036C2566692900CD596E /* Products */;
			projectDirPath = "";
			projectRoot = "";
			targets = (
				3DFE036A2566692900CD596E /* Tic Tac Toe */,
			);
		};
/* End PBXProject section */

/* Begin PBXResourcesBuildPhase section */
		3DFE03692566692900CD596E /* Resources */ = {
			isa = PBXResourcesBuildPhase;
			buildActionMask = 2147483647;
			files = (
				3DFE0399256692B600CD596E /* cross_color.png in Resources */,
				3DFE03942566716800CD596E /* cross.png in Resources */,
				3DFE03932566716800CD596E /* board.png in Resources */,
				3DFE03952566716800CD596E /* nought.png in Resources */,
				3DFE037B2566692E00CD596E /* LaunchScreen.storyboard in Resources */,
				3DFE03782566692E00CD596E /* Assets.xcassets in Resources */,
				3DFE039A256692B700CD596E /* nought_color.png in Resources */,
				3DFE03762566692900CD596E /* Main.storyboard in Resources */,
			);
			runOnlyForDeploymentPostprocessing = 0;
		};
/* End PBXResourcesBuildPhase section */

/* Begin PBXSourcesBuildPhase section */
		3DFE03672566692900CD596E /* Sources */ = {
			isa = PBXSourcesBuildPhase;
			buildActionMask = 2147483647;
			files = (
				3DFE03732566692900CD596E /* ViewController.swift in Sources */,
				3DFE036F2566692900CD596E /* AppDelegate.swift in Sources */,
				3DFE03712566692900CD596E /* SceneDelegate.swift in Sources */,
			);
			runOnlyForDeploymentPostprocessing = 0;
		};
/* End PBXSourcesBuildPhase section */

/* Begin PBXVariantGroup section */
		3DFE03742566692900CD596E /* Main.storyboard */ = {
			isa = PBXVariantGroup;
			children = (
				3DFE03752566692900CD596E /* Base */,
			);
			name = Main.storyboard;
			sourceTree = "<group>";
		};
		3DFE03792566692E00CD596E /* LaunchScreen.storyboard */ = {
			isa = PBXVariantGroup;
			children = (
				3DFE037A2566692E00CD596E /* Base */,
			);
			name = LaunchScreen.storyboard;
			sourceTree = "<group>";
		};
/* End PBXVariantGroup section */

/* Begin XCBuildConfiguration section */
		3DFE037D2566692E00CD596E /* Debug */ = {
			isa = XCBuildConfiguration;
			buildSettings = {
				ALWAYS_SEARCH_USER_PATHS = NO;
				CLANG_ANALYZER_NONNULL = YES;
				CLANG_ANALYZER_NUMBER_OBJECT_CONVERSION = YES_AGGRESSIVE;
				CLANG_CXX_LANGUAGE_STANDARD = "gnu++14";
				CLANG_CXX_LIBRARY = "libc++";
				CLANG_ENABLE_MODULES = YES;
				CLANG_ENABLE_OBJC_ARC = YES;
				CLANG_ENABLE_OBJC_WEAK = YES;
				CLANG_WARN_BLOCK_CAPTURE_AUTORELEASING = YES;
				CLANG_WARN_BOOL_CONVERSION = YES;
				CLANG_WARN_COMMA = YES;
				CLANG_WARN_CONSTANT_CONVERSION = YES;
				CLANG_WARN_DEPRECATED_OBJC_IMPLEMENTATIONS = YES;
				CLANG_WARN_DIRECT_OBJC_ISA_USAGE = YES_ERROR;
				CLANG_WARN_DOCUMENTATION_COMMENTS = YES;
				CLANG_WARN_EMPTY_BODY = YES;
				CLANG_WARN_ENUM_CONVERSION = YES;
				CLANG_WARN_INFINITE_RECURSION = YES;
				CLANG_WARN_INT_CONVERSION = YES;
				CLANG_WARN_NON_LITERAL_NULL_CONVERSION = YES;
				CLANG_WARN_OBJC_IMPLICIT_RETAIN_SELF = YES;
				CLANG_WARN_OBJC_LITERAL_CONVERSION = YES;
				CLANG_WARN_OBJC_ROOT_CLASS = YES_ERROR;
				CLANG_WARN_QUOTED_INCLUDE_IN_FRAMEWORK_HEADER = YES;
				CLANG_WARN_RANGE_LOOP_ANALYSIS = YES;
				CLANG_WARN_STRICT_PROTOTYPES = YES;
				CLANG_WARN_SUSPICIOUS_MOVE = YES;
				CLANG_WARN_UNGUARDED_AVAILABILITY = YES_AGGRESSIVE;
				CLANG_WARN_UNREACHABLE_CODE = YES;
				CLANG_WARN__DUPLICATE_METHOD_MATCH = YES;
				COPY_PHASE_STRIP = NO;
				DEBUG_INFORMATION_FORMAT = dwarf;
				ENABLE_STRICT_OBJC_MSGSEND = YES;
				ENABLE_TESTABILITY = YES;
				GCC_C_LANGUAGE_STANDARD = gnu11;
				GCC_DYNAMIC_NO_PIC = NO;
				GCC_NO_COMMON_BLOCKS = YES;
				GCC_OPTIMIZATION_LEVEL = 0;
				GCC_PREPROCESSOR_DEFINITIONS = (
					"DEBUG=1",
					"$(inherited)",
				);
				GCC_WARN_64_TO_32_BIT_CONVERSION = YES;
				GCC_WARN_ABOUT_RETURN_TYPE = YES_ERROR;
				GCC_WARN_UNDECLARED_SELECTOR = YES;
				GCC_WARN_UNINITIALIZED_AUTOS = YES_AGGRESSIVE;
				GCC_WARN_UNUSED_FUNCTION = YES;
				GCC_WARN_UNUSED_VARIABLE = YES;
				IPHONEOS_DEPLOYMENT_TARGET = 14.2;
				MTL_ENABLE_DEBUG_INFO = INCLUDE_SOURCE;
				MTL_FAST_MATH = YES;
				ONLY_ACTIVE_ARCH = YES;
				SDKROOT = iphoneos;
				SWIFT_ACTIVE_COMPILATION_CONDITIONS = DEBUG;
				SWIFT_OPTIMIZATION_LEVEL = "-Onone";
			};
			name = Debug;
		};
		3DFE037E2566692E00CD596E /* Release */ = {
			isa = XCBuildConfiguration;
			buildSettings = {
				ALWAYS_SEARCH_USER_PATHS = NO;
				CLANG_ANALYZER_NONNULL = YES;
				CLANG_ANALYZER_NUMBER_OBJECT_CONVERSION = YES_AGGRESSIVE;
				CLANG_CXX_LANGUAGE_STANDARD = "gnu++14";
				CLANG_CXX_LIBRARY = "libc++";
				CLANG_ENABLE_MODULES = YES;
				CLANG_ENABLE_OBJC_ARC = YES;
				CLANG_ENABLE_OBJC_WEAK = YES;
				CLANG_WARN_BLOCK_CAPTURE_AUTORELEASING = YES;
				CLANG_WARN_BOOL_CONVERSION = YES;
				CLANG_WARN_COMMA = YES;
				CLANG_WARN_CONSTANT_CONVERSION = YES;
				CLANG_WARN_DEPRECATED_OBJC_IMPLEMENTATIONS = YES;
				CLANG_WARN_DIRECT_OBJC_ISA_USAGE = YES_ERROR;
				CLANG_WARN_DOCUMENTATION_COMMENTS = YES;
				CLANG_WARN_EMPTY_BODY = YES;
				CLANG_WARN_ENUM_CONVERSION = YES;
				CLANG_WARN_INFINITE_RECURSION = YES;
				CLANG_WARN_INT_CONVERSION = YES;
				CLANG_WARN_NON_LITERAL_NULL_CONVERSION = YES;
				CLANG_WARN_OBJC_IMPLICIT_RETAIN_SELF = YES;
				CLANG_WARN_OBJC_LITERAL_CONVERSION = YES;
				CLANG_WARN_OBJC_ROOT_CLASS = YES_ERROR;
				CLANG_WARN_QUOTED_INCLUDE_IN_FRAMEWORK_HEADER = YES;
				CLANG_WARN_RANGE_LOOP_ANALYSIS = YES;
				CLANG_WARN_STRICT_PROTOTYPES = YES;
				CLANG_WARN_SUSPICIOUS_MOVE = YES;
				CLANG_WARN_UNGUARDED_AVAILABILITY = YES_AGGRESSIVE;
				CLANG_WARN_UNREACHABLE_CODE = YES;
				CLANG_WARN__DUPLICATE_METHOD_MATCH = YES;
				COPY_PHASE_STRIP = NO;
				DEBUG_INFORMATION_FORMAT = "dwarf-with-dsym";
				ENABLE_NS_ASSERTIONS = NO;
				ENABLE_STRICT_OBJC_MSGSEND = YES;
				GCC_C_LANGUAGE_STANDARD = gnu11;
				GCC_NO_COMMON_BLOCKS = YES;
				GCC_WARN_64_TO_32_BIT_CONVERSION = YES;
				GCC_WARN_ABOUT_RETURN_TYPE = YES_ERROR;
				GCC_WARN_UNDECLARED_SELECTOR = YES;
				GCC_WARN_UNINITIALIZED_AUTOS = YES_AGGRESSIVE;
				GCC_WARN_UNUSED_FUNCTION = YES;
				GCC_WARN_UNUSED_VARIABLE = YES;
				IPHONEOS_DEPLOYMENT_TARGET = 14.2;
				MTL_ENABLE_DEBUG_INFO = NO;
				MTL_FAST_MATH = YES;
				SDKROOT = iphoneos;
				SWIFT_COMPILATION_MODE = wholemodule;
				SWIFT_OPTIMIZATION_LEVEL = "-O";
				VALIDATE_PRODUCT = YES;
			};
			name = Release;
		};
		3DFE03802566692E00CD596E /* Debug */ = {
			isa = XCBuildConfiguration;
			buildSettings = {
				ASSETCATALOG_COMPILER_APPICON_NAME = AppIcon;
				ASSETCATALOG_COMPILER_GLOBAL_ACCENT_COLOR_NAME = AccentColor;
				CODE_SIGN_STYLE = Automatic;
				DEVELOPMENT_TEAM = N6JXNCSA5P;
				INFOPLIST_FILE = "Tic Tac Toe/Info.plist";
				LD_RUNPATH_SEARCH_PATHS = (
					"$(inherited)",
					"@executable_path/Frameworks",
				);
				PRODUCT_BUNDLE_IDENTIFIER = "lt.bgrd.Tic-Tac-Toe";
				PRODUCT_NAME = "$(TARGET_NAME)";
				SWIFT_VERSION = 5.0;
				TARGETED_DEVICE_FAMILY = "1,2";
			};
			name = Debug;
		};
		3DFE03812566692E00CD596E /* Release */ = {
			isa = XCBuildConfiguration;
			buildSettings = {
				ASSETCATALOG_COMPILER_APPICON_NAME = AppIcon;
				ASSETCATALOG_COMPILER_GLOBAL_ACCENT_COLOR_NAME = AccentColor;
				CODE_SIGN_STYLE = Automatic;
				DEVELOPMENT_TEAM = N6JXNCSA5P;
				INFOPLIST_FILE = "Tic Tac Toe/Info.plist";
				LD_RUNPATH_SEARCH_PATHS = (
					"$(inherited)",
					"@executable_path/Frameworks",
				);
				PRODUCT_BUNDLE_IDENTIFIER = "lt.bgrd.Tic-Tac-Toe";
				PRODUCT_NAME = "$(TARGET_NAME)";
				SWIFT_VERSION = 5.0;
				TARGETED_DEVICE_FAMILY = "1,2";
			};
			name = Release;
		};
/* End XCBuildConfiguration section */

/* Begin XCConfigurationList section */
		3DFE03662566692900CD596E /* Build configuration list for PBXProject "Tic Tac Toe" */ = {
			isa = XCConfigurationList;
			buildConfigurations = (
				3DFE037D2566692E00CD596E /* Debug */,
				3DFE037E2566692E00CD596E /* Release */,
			);
			defaultConfigurationIsVisible = 0;
			defaultConfigurationName = Release;
		};
		3DFE037F2566692E00CD596E /* Build configuration list for PBXNativeTarget "Tic Tac Toe" */ = {
			isa = XCConfigurationList;
			buildConfigurations = (
				3DFE03802566692E00CD596E /* Debug */,
				3DFE03812566692E00CD596E /* Release */,
			);
			defaultConfigurationIsVisible = 0;
			defaultConfigurationName = Release;
		};
/* End XCConfigurationList section */
	};
	rootObject = 3DFE03632566692900CD596E /* Project object */;
}
